// !$*UTF8*$!
{
	archiveVersion = 1;
	classes = {
	};
	objectVersion = 46;
	objects = {

/* Begin PBXBuildFile section */
		AA57DE321B944B3E00CB700B /* AppDelegate.swift in Sources */ = {isa = PBXBuildFile; fileRef = AA57DE311B944B3E00CB700B /* AppDelegate.swift */; };
		AA57DE341B944B3E00CB700B /* ViewController.swift in Sources */ = {isa = PBXBuildFile; fileRef = AA57DE331B944B3E00CB700B /* ViewController.swift */; };
		AA57DE371B944B3E00CB700B /* Main.storyboard in Resources */ = {isa = PBXBuildFile; fileRef = AA57DE351B944B3E00CB700B /* Main.storyboard */; };
		AA57DE391B944B3E00CB700B /* Images.xcassets in Resources */ = {isa = PBXBuildFile; fileRef = AA57DE381B944B3E00CB700B /* Images.xcassets */; };
		AA57DE3C1B944B3E00CB700B /* LaunchScreen.xib in Resources */ = {isa = PBXBuildFile; fileRef = AA57DE3A1B944B3E00CB700B /* LaunchScreen.xib */; };
		AA57DE481B944B3E00CB700B /* BullsEyeTests.swift in Sources */ = {isa = PBXBuildFile; fileRef = AA57DE471B944B3E00CB700B /* BullsEyeTests.swift */; };
		AA7D51AD1B949FCB003F471B /* AboutViewController.swift in Sources */ = {isa = PBXBuildFile; fileRef = AA7D51AC1B949FCB003F471B /* AboutViewController.swift */; };
		AAAA5C2B1B9731D4007FFCE1 /* BullsEye.html in Resources */ = {isa = PBXBuildFile; fileRef = AAAA5C2A1B9731D4007FFCE1 /* BullsEye.html */; };
/* End PBXBuildFile section */

/* Begin PBXContainerItemProxy section */
		AA57DE421B944B3E00CB700B /* PBXContainerItemProxy */ = {
			isa = PBXContainerItemProxy;
			containerPortal = AA57DE241B944B3E00CB700B /* Project object */;
			proxyType = 1;
			remoteGlobalIDString = AA57DE2B1B944B3E00CB700B;
			remoteInfo = BullsEye;
		};
/* End PBXContainerItemProxy section */

/* Begin PBXFileReference section */
		AA57DE2C1B944B3E00CB700B /* BullsEye.app */ = {isa = PBXFileReference; explicitFileType = wrapper.application; includeInIndex = 0; path = BullsEye.app; sourceTree = BUILT_PRODUCTS_DIR; };
		AA57DE301B944B3E00CB700B /* Info.plist */ = {isa = PBXFileReference; lastKnownFileType = text.plist.xml; path = Info.plist; sourceTree = "<group>"; };
		AA57DE311B944B3E00CB700B /* AppDelegate.swift */ = {isa = PBXFileReference; lastKnownFileType = sourcecode.swift; path = AppDelegate.swift; sourceTree = "<group>"; };
		AA57DE331B944B3E00CB700B /* ViewController.swift */ = {isa = PBXFileReference; lastKnownFileType = sourcecode.swift; path = ViewController.swift; sourceTree = "<group>"; };
		AA57DE361B944B3E00CB700B /* Base */ = {isa = PBXFileReference; lastKnownFileType = file.storyboard; name = Base; path = Base.lproj/Main.storyboard; sourceTree = "<group>"; };
		AA57DE381B944B3E00CB700B /* Images.xcassets */ = {isa = PBXFileReference; lastKnownFileType = folder.assetcatalog; path = Images.xcassets; sourceTree = "<group>"; };
		AA57DE3B1B944B3E00CB700B /* Base */ = {isa = PBXFileReference; lastKnownFileType = file.xib; name = Base; path = Base.lproj/LaunchScreen.xib; sourceTree = "<group>"; };
		AA57DE411B944B3E00CB700B /* BullsEyeTests.xctest */ = {isa = PBXFileReference; explicitFileType = wrapper.cfbundle; includeInIndex = 0; path = BullsEyeTests.xctest; sourceTree = BUILT_PRODUCTS_DIR; };
		AA57DE461B944B3E00CB700B /* Info.plist */ = {isa = PBXFileReference; lastKnownFileType = text.plist.xml; path = Info.plist; sourceTree = "<group>"; };
		AA57DE471B944B3E00CB700B /* BullsEyeTests.swift */ = {isa = PBXFileReference; lastKnownFileType = sourcecode.swift; path = BullsEyeTests.swift; sourceTree = "<group>"; };
		AA7D51AC1B949FCB003F471B /* AboutViewController.swift */ = {isa = PBXFileReference; fileEncoding = 4; lastKnownFileType = sourcecode.swift; path = AboutViewController.swift; sourceTree = "<group>"; };
		AAAA5C2A1B9731D4007FFCE1 /* BullsEye.html */ = {isa = PBXFileReference; fileEncoding = 4; lastKnownFileType = text.html; path = BullsEye.html; sourceTree = "<group>"; };
/* End PBXFileReference section */

/* Begin PBXFrameworksBuildPhase section */
		AA57DE291B944B3E00CB700B /* Frameworks */ = {
			isa = PBXFrameworksBuildPhase;
			buildActionMask = 2147483647;
			files = (
			);
			runOnlyForDeploymentPostprocessing = 0;
		};
		AA57DE3E1B944B3E00CB700B /* Frameworks */ = {
			isa = PBXFrameworksBuildPhase;
			buildActionMask = 2147483647;
			files = (
			);
			runOnlyForDeploymentPostprocessing = 0;
		};
/* End PBXFrameworksBuildPhase section */

/* Begin PBXGroup section */
		AA57DE231B944B3E00CB700B = {
			isa = PBXGroup;
			children = (
				AA57DE2E1B944B3E00CB700B /* BullsEye */,
				AA57DE441B944B3E00CB700B /* BullsEyeTests */,
				AA57DE2D1B944B3E00CB700B /* Products */,
			);
			sourceTree = "<group>";
		};
		AA57DE2D1B944B3E00CB700B /* Products */ = {
			isa = PBXGroup;
			children = (
				AA57DE2C1B944B3E00CB700B /* BullsEye.app */,
				AA57DE411B944B3E00CB700B /* BullsEyeTests.xctest */,
			);
			name = Products;
			sourceTree = "<group>";
		};
		AA57DE2E1B944B3E00CB700B /* BullsEye */ = {
			isa = PBXGroup;
			children = (
				AAAA5C2A1B9731D4007FFCE1 /* BullsEye.html */,
				AA57DE311B944B3E00CB700B /* AppDelegate.swift */,
				AA57DE331B944B3E00CB700B /* ViewController.swift */,
				AA7D51AC1B949FCB003F471B /* AboutViewController.swift */,
				AA57DE351B944B3E00CB700B /* Main.storyboard */,
				AA57DE381B944B3E00CB700B /* Images.xcassets */,
				AA57DE3A1B944B3E00CB700B /* LaunchScreen.xib */,
				AA57DE2F1B944B3E00CB700B /* Supporting Files */,
			);
			path = BullsEye;
			sourceTree = "<group>";
		};
		AA57DE2F1B944B3E00CB700B /* Supporting Files */ = {
			isa = PBXGroup;
			children = (
				AA57DE301B944B3E00CB700B /* Info.plist */,
			);
			name = "Supporting Files";
			sourceTree = "<group>";
		};
		AA57DE441B944B3E00CB700B /* BullsEyeTests */ = {
			isa = PBXGroup;
			children = (
				AA57DE471B944B3E00CB700B /* BullsEyeTests.swift */,
				AA57DE451B944B3E00CB700B /* Supporting Files */,
			);
			path = BullsEyeTests;
			sourceTree = "<group>";
		};
		AA57DE451B944B3E00CB700B /* Supporting Files */ = {
			isa = PBXGroup;
			children = (
				AA57DE461B944B3E00CB700B /* Info.plist */,
			);
			name = "Supporting Files";
			sourceTree = "<group>";
		};
/* End PBXGroup section */

/* Begin PBXNativeTarget section */
		AA57DE2B1B944B3E00CB700B /* BullsEye */ = {
			isa = PBXNativeTarget;
			buildConfigurationList = AA57DE4B1B944B3E00CB700B /* Build configuration list for PBXNativeTarget "BullsEye" */;
			buildPhases = (
				AA57DE281B944B3E00CB700B /* Sources */,
				AA57DE291B944B3E00CB700B /* Frameworks */,
				AA57DE2A1B944B3E00CB700B /* Resources */,
			);
			buildRules = (
			);
			dependencies = (
			);
			name = BullsEye;
			productName = BullsEye;
			productReference = AA57DE2C1B944B3E00CB700B /* BullsEye.app */;
			productType = "com.apple.product-type.application";
		};
		AA57DE401B944B3E00CB700B /* BullsEyeTests */ = {
			isa = PBXNativeTarget;
			buildConfigurationList = AA57DE4E1B944B3E00CB700B /* Build configuration list for PBXNativeTarget "BullsEyeTests" */;
			buildPhases = (
				AA57DE3D1B944B3E00CB700B /* Sources */,
				AA57DE3E1B944B3E00CB700B /* Frameworks */,
				AA57DE3F1B944B3E00CB700B /* Resources */,
			);
			buildRules = (
			);
			dependencies = (
				AA57DE431B944B3E00CB700B /* PBXTargetDependency */,
			);
			name = BullsEyeTests;
			productName = BullsEyeTests;
			productReference = AA57DE411B944B3E00CB700B /* BullsEyeTests.xctest */;
			productType = "com.apple.product-type.bundle.unit-test";
		};
/* End PBXNativeTarget section */

/* Begin PBXProject section */
		AA57DE241B944B3E00CB700B /* Project object */ = {
			isa = PBXProject;
			attributes = {
				LastUpgradeCheck = 0640;
				ORGANIZATIONNAME = "Steve Anavi";
				TargetAttributes = {
					AA57DE2B1B944B3E00CB700B = {
						CreatedOnToolsVersion = 6.4;
					};
					AA57DE401B944B3E00CB700B = {
						CreatedOnToolsVersion = 6.4;
						TestTargetID = AA57DE2B1B944B3E00CB700B;
					};
				};
			};
			buildConfigurationList = AA57DE271B944B3E00CB700B /* Build configuration list for PBXProject "BullsEye" */;
			compatibilityVersion = "Xcode 3.2";
			developmentRegion = English;
			hasScannedForEncodings = 0;
			knownRegions = (
				en,
				Base,
			);
			mainGroup = AA57DE231B944B3E00CB700B;
			productRefGroup = AA57DE2D1B944B3E00CB700B /* Products */;
			projectDirPath = "";
			projectRoot = "";
			targets = (
				AA57DE2B1B944B3E00CB700B /* BullsEye */,
				AA57DE401B944B3E00CB700B /* BullsEyeTests */,
			);
		};
/* End PBXProject section */

/* Begin PBXResourcesBuildPhase section */
		AA57DE2A1B944B3E00CB700B /* Resources */ = {
			isa = PBXResourcesBuildPhase;
			buildActionMask = 2147483647;
			files = (
				AA57DE371B944B3E00CB700B /* Main.storyboard in Resources */,
				AAAA5C2B1B9731D4007FFCE1 /* BullsEye.html in Resources */,
				AA57DE3C1B944B3E00CB700B /* LaunchScreen.xib in Resources */,
				AA57DE391B944B3E00CB700B /* Images.xcassets in Resources */,
			);
			runOnlyForDeploymentPostprocessing = 0;
		};
		AA57DE3F1B944B3E00CB700B /* Resources */ = {
			isa = PBXResourcesBuildPhase;
			buildActionMask = 2147483647;
			files = (
			);
			runOnlyForDeploymentPostprocessing = 0;
		};
/* End PBXResourcesBuildPhase section */

/* Begin PBXSourcesBuildPhase section */
		AA57DE281B944B3E00CB700B /* Sources */ = {
			isa = PBXSourcesBuildPhase;
			buildActionMask = 2147483647;
			files = (
				AA7D51AD1B949FCB003F471B /* AboutViewController.swift in Sources */,
				AA57DE341B944B3E00CB700B /* ViewController.swift in Sources */,
				AA57DE321B944B3E00CB700B /* AppDelegate.swift in Sources */,
			);
			runOnlyForDeploymentPostprocessing = 0;
		};
		AA57DE3D1B944B3E00CB700B /* Sources */ = {
			isa = PBXSourcesBuildPhase;
			buildActionMask = 2147483647;
			files = (
				AA57DE481B944B3E00CB700B /* BullsEyeTests.swift in Sources */,
			);
			runOnlyForDeploymentPostprocessing = 0;
		};
/* End PBXSourcesBuildPhase section */

/* Begin PBXTargetDependency section */
		AA57DE431B944B3E00CB700B /* PBXTargetDependency */ = {
			isa = PBXTargetDependency;
			target = AA57DE2B1B944B3E00CB700B /* BullsEye */;
			targetProxy = AA57DE421B944B3E00CB700B /* PBXContainerItemProxy */;
		};
/* End PBXTargetDependency section */

/* Begin PBXVariantGroup section */
		AA57DE351B944B3E00CB700B /* Main.storyboard */ = {
			isa = PBXVariantGroup;
			children = (
				AA57DE361B944B3E00CB700B /* Base */,
			);
			name = Main.storyboard;
			sourceTree = "<group>";
		};
		AA57DE3A1B944B3E00CB700B /* LaunchScreen.xib */ = {
			isa = PBXVariantGroup;
			children = (
				AA57DE3B1B944B3E00CB700B /* Base */,
			);
			name = LaunchScreen.xib;
			sourceTree = "<group>";
		};
/* End PBXVariantGroup section */

/* Begin XCBuildConfiguration section */
		AA57DE491B944B3E00CB700B /* Debug */ = {
			isa = XCBuildConfiguration;
			buildSettings = {
				ALWAYS_SEARCH_USER_PATHS = NO;
				CLANG_CXX_LANGUAGE_STANDARD = "gnu++0x";
				CLANG_CXX_LIBRARY = "libc++";
				CLANG_ENABLE_MODULES = YES;
				CLANG_ENABLE_OBJC_ARC = YES;
				CLANG_WARN_BOOL_CONVERSION = YES;
				CLANG_WARN_CONSTANT_CONVERSION = YES;
				CLANG_WARN_DIRECT_OBJC_ISA_USAGE = YES_ERROR;
				CLANG_WARN_EMPTY_BODY = YES;
				CLANG_WARN_ENUM_CONVERSION = YES;
				CLANG_WARN_INT_CONVERSION = YES;
				CLANG_WARN_OBJC_ROOT_CLASS = YES_ERROR;
				CLANG_WARN_UNREACHABLE_CODE = YES;
				CLANG_WARN__DUPLICATE_METHOD_MATCH = YES;
				"CODE_SIGN_IDENTITY[sdk=iphoneos*]" = "iPhone Developer";
				COPY_PHASE_STRIP = NO;
				DEBUG_INFORMATION_FORMAT = "dwarf-with-dsym";
				ENABLE_STRICT_OBJC_MSGSEND = YES;
				GCC_C_LANGUAGE_STANDARD = gnu99;
				GCC_DYNAMIC_NO_PIC = NO;
				GCC_NO_COMMON_BLOCKS = YES;
				GCC_OPTIMIZATION_LEVEL = 0;
				GCC_PREPROCESSOR_DEFINITIONS = (
					"DEBUG=1",
					"$(inherited)",
				);
				GCC_SYMBOLS_PRIVATE_EXTERN = NO;
				GCC_WARN_64_TO_32_BIT_CONVERSION = YES;
				GCC_WARN_ABOUT_RETURN_TYPE = YES_ERROR;
				GCC_WARN_UNDECLARED_SELECTOR = YES;
				GCC_WARN_UNINITIALIZED_AUTOS = YES_AGGRESSIVE;
				GCC_WARN_UNUSED_FUNCTION = YES;
				GCC_WARN_UNUSED_VARIABLE = YES;
				IPHONEOS_DEPLOYMENT_TARGET = 8.4;
				MTL_ENABLE_DEBUG_INFO = YES;
				ONLY_ACTIVE_ARCH = YES;
				SDKROOT = iphoneos;
				SWIFT_OPTIMIZATION_LEVEL = "-Onone";
			};
			name = Debug;
		};
		AA57DE4A1B944B3E00CB700B /* Release */ = {
			isa = XCBuildConfiguration;
			buildSettings = {
				ALWAYS_SEARCH_USER_PATHS = NO;
				CLANG_CXX_LANGUAGE_STANDARD = "gnu++0x";
				CLANG_CXX_LIBRARY = "libc++";
				CLANG_ENABLE_MODULES = YES;
				CLANG_ENABLE_OBJC_ARC = YES;
				CLANG_WARN_BOOL_CONVERSION = YES;
				CLANG_WARN_CONSTANT_CONVERSION = YES;
				CLANG_WARN_DIRECT_OBJC_ISA_USAGE = YES_ERROR;
				CLANG_WARN_EMPTY_BODY = YES;
				CLANG_WARN_ENUM_CONVERSION = YES;
				CLANG_WARN_INT_CONVERSION = YES;
				CLANG_WARN_OBJC_ROOT_CLASS = YES_ERROR;
				CLANG_WARN_UNREACHABLE_CODE = YES;
				CLANG_WARN__DUPLICATE_METHOD_MATCH = YES;
				"CODE_SIGN_IDENTITY[sdk=iphoneos*]" = "iPhone Developer";
				COPY_PHASE_STRIP = NO;
				DEBUG_INFORMATION_FORMAT = "dwarf-with-dsym";
				ENABLE_NS_ASSERTIONS = NO;
				ENABLE_STRICT_OBJC_MSGSEND = YES;
				GCC_C_LANGUAGE_STANDARD = gnu99;
				GCC_NO_COMMON_BLOCKS = YES;
				GCC_WARN_64_TO_32_BIT_CONVERSION = YES;
				GCC_WARN_ABOUT_RETURN_TYPE = YES_ERROR;
				GCC_WARN_UNDECLARED_SELECTOR = YES;
				GCC_WARN_UNINITIALIZED_AUTOS = YES_AGGRESSIVE;
				GCC_WARN_UNUSED_FUNCTION = YES;
				GCC_WARN_UNUSED_VARIABLE = YES;
				IPHONEOS_DEPLOYMENT_TARGET = 8.4;
				MTL_ENABLE_DEBUG_INFO = NO;
				SDKROOT = iphoneos;
				VALIDATE_PRODUCT = YES;
			};
			name = Release;
		};
		AA57DE4C1B944B3E00CB700B /* Debug */ = {
			isa = XCBuildConfiguration;
			buildSettings = {
				ASSETCATALOG_COMPILER_APPICON_NAME = AppIcon;
				INFOPLIST_FILE = BullsEye/Info.plist;
				LD_RUNPATH_SEARCH_PATHS = "$(inherited) @executable_path/Frameworks";
				PRODUCT_NAME = "$(TARGET_NAME)";
				TARGETED_DEVICE_FAMILY = 1;
			};
			name = Debug;
		};
		AA57DE4D1B944B3E00CB700B /* Release */ = {
			isa = XCBuildConfiguration;
			buildSettings = {
				ASSETCATALOG_COMPILER_APPICON_NAME = AppIcon;
				INFOPLIST_FILE = BullsEye/Info.plist;
				LD_RUNPATH_SEARCH_PATHS = "$(inherited) @executable_path/Frameworks";
				PRODUCT_NAME = "$(TARGET_NAME)";
				TARGETED_DEVICE_FAMILY = 1;
			};
			name = Release;
		};
		AA57DE4F1B944B3E00CB700B /* Debug */ = {
			isa = XCBuildConfiguration;
			buildSettings = {
				BUNDLE_LOADER = "$(TEST_HOST)";
				FRAMEWORK_SEARCH_PATHS = (
					"$(SDKROOT)/Developer/Library/Frameworks",
					"$(inherited)",
				);
				GCC_PREPROCESSOR_DEFINITIONS = (
					"DEBUG=1",
					"$(inherited)",
				);
				INFOPLIST_FILE = BullsEyeTests/Info.plist;
				LD_RUNPATH_SEARCH_PATHS = "$(inherited) @executable_path/Frameworks @loader_path/Frameworks";
				PRODUCT_NAME = "$(TARGET_NAME)";
				TEST_HOST = "$(BUILT_PRODUCTS_DIR)/BullsEye.app/BullsEye";
			};
			name = Debug;
		};
		AA57DE501B944B3E00CB700B /* Release */ = {
			isa = XCBuildConfiguration;
			buildSettings = {
				BUNDLE_LOADER = "$(TEST_HOST)";
				FRAMEWORK_SEARCH_PATHS = (
					"$(SDKROOT)/Developer/Library/Frameworks",
					"$(inherited)",
				);
				INFOPLIST_FILE = BullsEyeTests/Info.plist;
				LD_RUNPATH_SEARCH_PATHS = "$(inherited) @executable_path/Frameworks @loader_path/Frameworks";
				PRODUCT_NAME = "$(TARGET_NAME)";
				TEST_HOST = "$(BUILT_PRODUCTS_DIR)/BullsEye.app/BullsEye";
			};
			name = Release;
		};
/* End XCBuildConfiguration section */

/* Begin XCConfigurationList section */
		AA57DE271B944B3E00CB700B /* Build configuration list for PBXProject "BullsEye" */ = {
			isa = XCConfigurationList;
			buildConfigurations = (
				AA57DE491B944B3E00CB700B /* Debug */,
				AA57DE4A1B944B3E00CB700B /* Release */,
			);
			defaultConfigurationIsVisible = 0;
			defaultConfigurationName = Release;
		};
		AA57DE4B1B944B3E00CB700B /* Build configuration list for PBXNativeTarget "BullsEye" */ = {
			isa = XCConfigurationList;
			buildConfigurations = (
				AA57DE4C1B944B3E00CB700B /* Debug */,
				AA57DE4D1B944B3E00CB700B /* Release */,
			);
			defaultConfigurationIsVisible = 0;
			defaultConfigurationName = Release;
		};
		AA57DE4E1B944B3E00CB700B /* Build configuration list for PBXNativeTarget "BullsEyeTests" */ = {
			isa = XCConfigurationList;
			buildConfigurations = (
				AA57DE4F1B944B3E00CB700B /* Debug */,
				AA57DE501B944B3E00CB700B /* Release */,
			);
			defaultConfigurationIsVisible = 0;
			defaultConfigurationName = Release;
		};
/* End XCConfigurationList section */
	};
	rootObject = AA57DE241B944B3E00CB700B /* Project object */;
}
